
Microsoft Visual Studio Solution File, Format Version 12.00
# Visual Studio Version 16
VisualStudioVersion = 16.0.32228.343
MinimumVisualStudioVersion = 10.0.40219.1
Project("{9A19103F-16F7-4668-BE54-9A1E7A4F7556}") = "eShopSolution.WebApp", "eShopSolution.WebApp\eShopSolution.WebApp.csproj", "{08422DDE-8AEA-4CCE-B9C3-9C7805C740E6}"
EndProject
Project("{2150E333-8FDC-42A3-9474-1A3956D46DE8}") = "Solution Items", "Solution Items", "{53C9EC32-C902-4FAB-B1F8-2946DAD2D003}"
	ProjectSection(SolutionItems) = preProject
		README.md = README.md
	EndProjectSection
EndProject
Project("{FAE04EC0-301F-11D3-BF4B-00C04F79EFBC}") = "eShopSolution.Data", "eShopSolution.Data\eShopSolution.Data.csproj", "{76B674D1-DD9B-47F6-9445-216A27AB19BF}"
EndProject
Project("{FAE04EC0-301F-11D3-BF4B-00C04F79EFBC}") = "eShopSolution.Application", "eShopSolution.Application\eShopSolution.Application.csproj", "{9DFD46C9-7583-4EAB-B471-6F0B26C8A0F0}"
EndProject
Global
	GlobalSection(SolutionConfigurationPlatforms) = preSolution
		Debug|Any CPU = Debug|Any CPU
		Release|Any CPU = Release|Any CPU
	EndGlobalSection
	GlobalSection(ProjectConfigurationPlatforms) = postSolution
		{08422DDE-8AEA-4CCE-B9C3-9C7805C740E6}.Debug|Any CPU.ActiveCfg = Debug|Any CPU
		{08422DDE-8AEA-4CCE-B9C3-9C7805C740E6}.Debug|Any CPU.Build.0 = Debug|Any CPU
		{08422DDE-8AEA-4CCE-B9C3-9C7805C740E6}.Release|Any CPU.ActiveCfg = Release|Any CPU
		{08422DDE-8AEA-4CCE-B9C3-9C7805C740E6}.Release|Any CPU.Build.0 = Release|Any CPU
		{76B674D1-DD9B-47F6-9445-216A27AB19BF}.Debug|Any CPU.ActiveCfg = Debug|Any CPU
		{76B674D1-DD9B-47F6-9445-216A27AB19BF}.Debug|Any CPU.Build.0 = Debug|Any CPU
		{76B674D1-DD9B-47F6-9445-216A27AB19BF}.Release|Any CPU.ActiveCfg = Release|Any CPU
		{76B674D1-DD9B-47F6-9445-216A27AB19BF}.Release|Any CPU.Build.0 = Release|Any CPU
		{9DFD46C9-7583-4EAB-B471-6F0B26C8A0F0}.Debug|Any CPU.ActiveCfg = Debug|Any CPU
		{9DFD46C9-7583-4EAB-B471-6F0B26C8A0F0}.Debug|Any CPU.Build.0 = Debug|Any CPU
		{9DFD46C9-7583-4EAB-B471-6F0B26C8A0F0}.Release|Any CPU.ActiveCfg = Release|Any CPU
		{9DFD46C9-7583-4EAB-B471-6F0B26C8A0F0}.Release|Any CPU.Build.0 = Release|Any CPU
	EndGlobalSection
	GlobalSection(SolutionProperties) = preSolution
		HideSolutionNode = FALSE
	EndGlobalSection
	GlobalSection(ExtensibilityGlobals) = postSolution
		SolutionGuid = {8F1E9D9D-1D71-4969-B0BC-EECA43B5ED5A}
	EndGlobalSection
EndGlobal
